
Microsoft Visual Studio Solution File, Format Version 12.00
# Visual Studio 15
VisualStudioVersion = 15.0.27004.2005
MinimumVisualStudioVersion = 10.0.40219.1
Project("{9A19103F-16F7-4668-BE54-9A1E7A4F7556}") = "Blackjack.ConsoleApp", "Blackjack.ConsoleApp\Blackjack.ConsoleApp.csproj", "{B8259A5A-7C09-436C-BC01-70955A8B0782}"
EndProject
Project("{FAE04EC0-301F-11D3-BF4B-00C04F79EFBC}") = "Blackjack.Test", "Blackjack.Test\Blackjack.Test.csproj", "{DA207D63-0DB8-401F-9077-FDFB29DEDA4E}"
EndProject
Project("{FAE04EC0-301F-11D3-BF4B-00C04F79EFBC}") = "Blackjack.Domain", "Blackjack.Domain\Blackjack.Domain.csproj", "{B7374C8D-8F04-480B-887D-7D1926381603}"
EndProject
Global
	GlobalSection(SolutionConfigurationPlatforms) = preSolution
		Debug|Any CPU = Debug|Any CPU
		Release|Any CPU = Release|Any CPU
	EndGlobalSection
	GlobalSection(ProjectConfigurationPlatforms) = postSolution
		{B8259A5A-7C09-436C-BC01-70955A8B0782}.Debug|Any CPU.ActiveCfg = Debug|Any CPU
		{B8259A5A-7C09-436C-BC01-70955A8B0782}.Debug|Any CPU.Build.0 = Debug|Any CPU
		{B8259A5A-7C09-436C-BC01-70955A8B0782}.Release|Any CPU.ActiveCfg = Release|Any CPU
		{B8259A5A-7C09-436C-BC01-70955A8B0782}.Release|Any CPU.Build.0 = Release|Any CPU
		{DA207D63-0DB8-401F-9077-FDFB29DEDA4E}.Debug|Any CPU.ActiveCfg = Debug|Any CPU
		{DA207D63-0DB8-401F-9077-FDFB29DEDA4E}.Debug|Any CPU.Build.0 = Debug|Any CPU
		{DA207D63-0DB8-401F-9077-FDFB29DEDA4E}.Release|Any CPU.ActiveCfg = Release|Any CPU
		{DA207D63-0DB8-401F-9077-FDFB29DEDA4E}.Release|Any CPU.Build.0 = Release|Any CPU
		{B7374C8D-8F04-480B-887D-7D1926381603}.Debug|Any CPU.ActiveCfg = Debug|Any CPU
		{B7374C8D-8F04-480B-887D-7D1926381603}.Debug|Any CPU.Build.0 = Debug|Any CPU
		{B7374C8D-8F04-480B-887D-7D1926381603}.Release|Any CPU.ActiveCfg = Release|Any CPU
		{B7374C8D-8F04-480B-887D-7D1926381603}.Release|Any CPU.Build.0 = Release|Any CPU
	EndGlobalSection
	GlobalSection(SolutionProperties) = preSolution
		HideSolutionNode = FALSE
	EndGlobalSection
	GlobalSection(ExtensibilityGlobals) = postSolution
		SolutionGuid = {58B5369A-9F37-465B-9793-8A51F539E4BA}
	EndGlobalSection
EndGlobal
